
Microsoft Visual Studio Solution File, Format Version 12.00
# Visual Studio Version 17
VisualStudioVersion = 17.8.34330.188
MinimumVisualStudioVersion = 10.0.40219.1
Project("{2150E333-8FDC-42A3-9474-1A3956D46DE8}") = "Services", "Services", "{99764577-FC14-4812-96C7-0BD6EDC94B29}"
EndProject
Project("{9A19103F-16F7-4668-BE54-9A1E7A4F7556}") = "MultishopEcommerce.Catalog", "Services\MultishopEcommerce.Catalog\MultishopEcommerce.Catalog.csproj", "{EAA0877D-71A4-4609-BBBC-F11C3138A17D}"
EndProject
Project("{9A19103F-16F7-4668-BE54-9A1E7A4F7556}") = "MultishopEcommerce.Discount", "Services\MultishopEcommerce.Discount\MultishopEcommerce.Discount.csproj", "{DA4A249B-421C-4B04-BFF0-BCCA9D26598C}"
EndProject
Project("{2150E333-8FDC-42A3-9474-1A3956D46DE8}") = "MultishopEcommerce.Order", "MultishopEcommerce.Order", "{2976C063-0C55-4201-ADDB-A00B4FC70E94}"
EndProject
Project("{2150E333-8FDC-42A3-9474-1A3956D46DE8}") = "Core", "Core", "{8561B3D4-0BAF-41B1-AB36-4931C046659F}"
EndProject
Project("{9A19103F-16F7-4668-BE54-9A1E7A4F7556}") = "MultishopEcommerce.Order.Domain", "Services\MultishopEcommerce.Order\Core\MultishopEcommerce.Order.Domain\MultishopEcommerce.Order.Domain.csproj", "{64216E0F-DED6-4EDB-ADB8-E668FBE089F9}"
EndProject
Project("{9A19103F-16F7-4668-BE54-9A1E7A4F7556}") = "MultishopEcommerce.Order.Application", "Services\MultishopEcommerce.Order\Core\MultishopEcommerce.Order.Application\MultishopEcommerce.Order.Application.csproj", "{DECD5F4D-0B16-4FF0-929B-98A1A5D0A844}"
EndProject
Project("{2150E333-8FDC-42A3-9474-1A3956D46DE8}") = "Infrastructure", "Infrastructure", "{C756BE64-C6A7-4E9A-A6A4-151F45586ED1}"
EndProject
Project("{9A19103F-16F7-4668-BE54-9A1E7A4F7556}") = "MultishopEcommerce.Order.Persistence", "Services\MultishopEcommerce.Order\Infrastructure\MultishopEcommerce.Order.Persistence\MultishopEcommerce.Order.Persistence.csproj", "{E53E34F6-F8CB-47E8-A7E1-36E74270E668}"
EndProject
Project("{9A19103F-16F7-4668-BE54-9A1E7A4F7556}") = "MultishopEcommerce.Order.WebApi", "Services\MultishopEcommerce.Order\Presentation\MultishopEcommerce.Order.WebApi\MultishopEcommerce.Order.WebApi.csproj", "{76C5130E-9340-4E89-B34E-7C4DE0E10665}"
EndProject
Project("{2150E333-8FDC-42A3-9474-1A3956D46DE8}") = "Presentation", "Presentation", "{1D09BEC9-2417-4057-BBFF-441303540AFA}"
EndProject
Project("{2150E333-8FDC-42A3-9474-1A3956D46DE8}") = "IdentityServer", "IdentityServer", "{47B1BF69-2894-4CB0-AE8B-000B1CFBF86B}"
EndProject
Project("{9A19103F-16F7-4668-BE54-9A1E7A4F7556}") = "Multishop.IdentityServer", "IdentityServer\Multishop.IdentityServer\Multishop.IdentityServer.csproj", "{0BF01213-91F9-4244-9FC4-09120FFF4245}"
EndProject
Project("{2150E333-8FDC-42A3-9474-1A3956D46DE8}") = "Requirements", "Requirements", "{7F7116DB-D8CE-4030-AA30-958C67B9032B}"
	ProjectSection(SolutionItems) = preProject
		PortainerCmd.txt = PortainerCmd.txt
	EndProjectSection
EndProject
Project("{2150E333-8FDC-42A3-9474-1A3956D46DE8}") = "MultishopEcommerce.Cargo", "MultishopEcommerce.Cargo", "{886367AE-EC4A-4D79-BA94-7FE3FEB52F51}"
EndProject
Project("{9A19103F-16F7-4668-BE54-9A1E7A4F7556}") = "MultishopEcommerce.Cargo.Business", "Services\Cargo\MultishopEcommerce.Cargo.Business\MultishopEcommerce.Cargo.Business.csproj", "{B4C23BF8-E31A-4F14-88C1-0ED934CE6695}"
EndProject
Project("{9A19103F-16F7-4668-BE54-9A1E7A4F7556}") = "MultishopEcommerce.Cargo.Entity", "Services\Cargo\MultishopEcommerce.Cargo.Entity\MultishopEcommerce.Cargo.Entity.csproj", "{5BE2C7D6-408B-4DC1-86E3-DF87D99AB3DA}"
EndProject
Project("{9A19103F-16F7-4668-BE54-9A1E7A4F7556}") = "MultishopEcommerce.Cargo.DataAccess", "Services\Cargo\MultishopEcommerce.Cargo.DataAccess\MultishopEcommerce.Cargo.DataAccess.csproj", "{82E1503D-497F-4F99-9964-F14920268225}"
EndProject
Project("{9A19103F-16F7-4668-BE54-9A1E7A4F7556}") = "MultishopEcommerce.Cargo.Dto", "Services\Cargo\MultishopEcommerce.Cargo.Dto\MultishopEcommerce.Cargo.Dto.csproj", "{5FB913CF-4024-47EA-8E8B-21E32CB935CF}"
EndProject
Project("{9A19103F-16F7-4668-BE54-9A1E7A4F7556}") = "MultishopEcommerce.Cargo.WebApi", "Services\Cargo\MultishopEcommerce.Cargo.WebApi\MultishopEcommerce.Cargo.WebApi.csproj", "{7482FE34-7412-41BE-9B67-B4AD6E0F74E8}"
EndProject
Project("{FAE04EC0-301F-11D3-BF4B-00C04F79EFBC}") = "MultishopEcommerce.Basket", "Services\Basket\MultishopEcommerce.Basket.WebApi\MultishopEcommerce.Basket.csproj", "{B1A107BC-C218-46AA-86C0-4752EAB89828}"
EndProject
Global
	GlobalSection(SolutionConfigurationPlatforms) = preSolution
		Debug|Any CPU = Debug|Any CPU
		Release|Any CPU = Release|Any CPU
	EndGlobalSection
	GlobalSection(ProjectConfigurationPlatforms) = postSolution
		{EAA0877D-71A4-4609-BBBC-F11C3138A17D}.Debug|Any CPU.ActiveCfg = Debug|Any CPU
		{EAA0877D-71A4-4609-BBBC-F11C3138A17D}.Debug|Any CPU.Build.0 = Debug|Any CPU
		{EAA0877D-71A4-4609-BBBC-F11C3138A17D}.Release|Any CPU.ActiveCfg = Release|Any CPU
		{EAA0877D-71A4-4609-BBBC-F11C3138A17D}.Release|Any CPU.Build.0 = Release|Any CPU
		{DA4A249B-421C-4B04-BFF0-BCCA9D26598C}.Debug|Any CPU.ActiveCfg = Debug|Any CPU
		{DA4A249B-421C-4B04-BFF0-BCCA9D26598C}.Debug|Any CPU.Build.0 = Debug|Any CPU
		{DA4A249B-421C-4B04-BFF0-BCCA9D26598C}.Release|Any CPU.ActiveCfg = Release|Any CPU
		{DA4A249B-421C-4B04-BFF0-BCCA9D26598C}.Release|Any CPU.Build.0 = Release|Any CPU
		{64216E0F-DED6-4EDB-ADB8-E668FBE089F9}.Debug|Any CPU.ActiveCfg = Debug|Any CPU
		{64216E0F-DED6-4EDB-ADB8-E668FBE089F9}.Debug|Any CPU.Build.0 = Debug|Any CPU
		{64216E0F-DED6-4EDB-ADB8-E668FBE089F9}.Release|Any CPU.ActiveCfg = Release|Any CPU
		{64216E0F-DED6-4EDB-ADB8-E668FBE089F9}.Release|Any CPU.Build.0 = Release|Any CPU
		{DECD5F4D-0B16-4FF0-929B-98A1A5D0A844}.Debug|Any CPU.ActiveCfg = Debug|Any CPU
		{DECD5F4D-0B16-4FF0-929B-98A1A5D0A844}.Debug|Any CPU.Build.0 = Debug|Any CPU
		{DECD5F4D-0B16-4FF0-929B-98A1A5D0A844}.Release|Any CPU.ActiveCfg = Release|Any CPU
		{DECD5F4D-0B16-4FF0-929B-98A1A5D0A844}.Release|Any CPU.Build.0 = Release|Any CPU
		{E53E34F6-F8CB-47E8-A7E1-36E74270E668}.Debug|Any CPU.ActiveCfg = Debug|Any CPU
		{E53E34F6-F8CB-47E8-A7E1-36E74270E668}.Debug|Any CPU.Build.0 = Debug|Any CPU
		{E53E34F6-F8CB-47E8-A7E1-36E74270E668}.Release|Any CPU.ActiveCfg = Release|Any CPU
		{E53E34F6-F8CB-47E8-A7E1-36E74270E668}.Release|Any CPU.Build.0 = Release|Any CPU
		{76C5130E-9340-4E89-B34E-7C4DE0E10665}.Debug|Any CPU.ActiveCfg = Debug|Any CPU
		{76C5130E-9340-4E89-B34E-7C4DE0E10665}.Debug|Any CPU.Build.0 = Debug|Any CPU
		{76C5130E-9340-4E89-B34E-7C4DE0E10665}.Release|Any CPU.ActiveCfg = Release|Any CPU
		{76C5130E-9340-4E89-B34E-7C4DE0E10665}.Release|Any CPU.Build.0 = Release|Any CPU
		{0BF01213-91F9-4244-9FC4-09120FFF4245}.Debug|Any CPU.ActiveCfg = Debug|Any CPU
		{0BF01213-91F9-4244-9FC4-09120FFF4245}.Debug|Any CPU.Build.0 = Debug|Any CPU
		{0BF01213-91F9-4244-9FC4-09120FFF4245}.Release|Any CPU.ActiveCfg = Release|Any CPU
		{0BF01213-91F9-4244-9FC4-09120FFF4245}.Release|Any CPU.Build.0 = Release|Any CPU
		{B4C23BF8-E31A-4F14-88C1-0ED934CE6695}.Debug|Any CPU.ActiveCfg = Debug|Any CPU
		{B4C23BF8-E31A-4F14-88C1-0ED934CE6695}.Debug|Any CPU.Build.0 = Debug|Any CPU
		{B4C23BF8-E31A-4F14-88C1-0ED934CE6695}.Release|Any CPU.ActiveCfg = Release|Any CPU
		{B4C23BF8-E31A-4F14-88C1-0ED934CE6695}.Release|Any CPU.Build.0 = Release|Any CPU
		{5BE2C7D6-408B-4DC1-86E3-DF87D99AB3DA}.Debug|Any CPU.ActiveCfg = Debug|Any CPU
		{5BE2C7D6-408B-4DC1-86E3-DF87D99AB3DA}.Debug|Any CPU.Build.0 = Debug|Any CPU
		{5BE2C7D6-408B-4DC1-86E3-DF87D99AB3DA}.Release|Any CPU.ActiveCfg = Release|Any CPU
		{5BE2C7D6-408B-4DC1-86E3-DF87D99AB3DA}.Release|Any CPU.Build.0 = Release|Any CPU
		{82E1503D-497F-4F99-9964-F14920268225}.Debug|Any CPU.ActiveCfg = Debug|Any CPU
		{82E1503D-497F-4F99-9964-F14920268225}.Debug|Any CPU.Build.0 = Debug|Any CPU
		{82E1503D-497F-4F99-9964-F14920268225}.Release|Any CPU.ActiveCfg = Release|Any CPU
		{82E1503D-497F-4F99-9964-F14920268225}.Release|Any CPU.Build.0 = Release|Any CPU
		{5FB913CF-4024-47EA-8E8B-21E32CB935CF}.Debug|Any CPU.ActiveCfg = Debug|Any CPU
		{5FB913CF-4024-47EA-8E8B-21E32CB935CF}.Debug|Any CPU.Build.0 = Debug|Any CPU
		{5FB913CF-4024-47EA-8E8B-21E32CB935CF}.Release|Any CPU.ActiveCfg = Release|Any CPU
		{5FB913CF-4024-47EA-8E8B-21E32CB935CF}.Release|Any CPU.Build.0 = Release|Any CPU
		{7482FE34-7412-41BE-9B67-B4AD6E0F74E8}.Debug|Any CPU.ActiveCfg = Debug|Any CPU
		{7482FE34-7412-41BE-9B67-B4AD6E0F74E8}.Debug|Any CPU.Build.0 = Debug|Any CPU
		{7482FE34-7412-41BE-9B67-B4AD6E0F74E8}.Release|Any CPU.ActiveCfg = Release|Any CPU
		{7482FE34-7412-41BE-9B67-B4AD6E0F74E8}.Release|Any CPU.Build.0 = Release|Any CPU
		{B1A107BC-C218-46AA-86C0-4752EAB89828}.Debug|Any CPU.ActiveCfg = Debug|Any CPU
		{B1A107BC-C218-46AA-86C0-4752EAB89828}.Debug|Any CPU.Build.0 = Debug|Any CPU
		{B1A107BC-C218-46AA-86C0-4752EAB89828}.Release|Any CPU.ActiveCfg = Release|Any CPU
		{B1A107BC-C218-46AA-86C0-4752EAB89828}.Release|Any CPU.Build.0 = Release|Any CPU
	EndGlobalSection
	GlobalSection(SolutionProperties) = preSolution
		HideSolutionNode = FALSE
	EndGlobalSection
	GlobalSection(NestedProjects) = preSolution
		{EAA0877D-71A4-4609-BBBC-F11C3138A17D} = {99764577-FC14-4812-96C7-0BD6EDC94B29}
		{DA4A249B-421C-4B04-BFF0-BCCA9D26598C} = {99764577-FC14-4812-96C7-0BD6EDC94B29}
		{2976C063-0C55-4201-ADDB-A00B4FC70E94} = {99764577-FC14-4812-96C7-0BD6EDC94B29}
		{8561B3D4-0BAF-41B1-AB36-4931C046659F} = {2976C063-0C55-4201-ADDB-A00B4FC70E94}
		{64216E0F-DED6-4EDB-ADB8-E668FBE089F9} = {8561B3D4-0BAF-41B1-AB36-4931C046659F}
		{DECD5F4D-0B16-4FF0-929B-98A1A5D0A844} = {8561B3D4-0BAF-41B1-AB36-4931C046659F}
		{C756BE64-C6A7-4E9A-A6A4-151F45586ED1} = {2976C063-0C55-4201-ADDB-A00B4FC70E94}
		{E53E34F6-F8CB-47E8-A7E1-36E74270E668} = {C756BE64-C6A7-4E9A-A6A4-151F45586ED1}
		{76C5130E-9340-4E89-B34E-7C4DE0E10665} = {1D09BEC9-2417-4057-BBFF-441303540AFA}
		{1D09BEC9-2417-4057-BBFF-441303540AFA} = {2976C063-0C55-4201-ADDB-A00B4FC70E94}
		{0BF01213-91F9-4244-9FC4-09120FFF4245} = {47B1BF69-2894-4CB0-AE8B-000B1CFBF86B}
		{886367AE-EC4A-4D79-BA94-7FE3FEB52F51} = {99764577-FC14-4812-96C7-0BD6EDC94B29}
		{B4C23BF8-E31A-4F14-88C1-0ED934CE6695} = {886367AE-EC4A-4D79-BA94-7FE3FEB52F51}
		{5BE2C7D6-408B-4DC1-86E3-DF87D99AB3DA} = {886367AE-EC4A-4D79-BA94-7FE3FEB52F51}
		{82E1503D-497F-4F99-9964-F14920268225} = {886367AE-EC4A-4D79-BA94-7FE3FEB52F51}
		{5FB913CF-4024-47EA-8E8B-21E32CB935CF} = {886367AE-EC4A-4D79-BA94-7FE3FEB52F51}
		{7482FE34-7412-41BE-9B67-B4AD6E0F74E8} = {886367AE-EC4A-4D79-BA94-7FE3FEB52F51}
		{B1A107BC-C218-46AA-86C0-4752EAB89828} = {99764577-FC14-4812-96C7-0BD6EDC94B29}
	EndGlobalSection
	GlobalSection(ExtensibilityGlobals) = postSolution
		SolutionGuid = {8CF363DB-4506-4BEC-9E91-124DD924B165}
	EndGlobalSection
EndGlobal
