
Microsoft Visual Studio Solution File, Format Version 12.00
# Visual Studio Version 17
VisualStudioVersion = 17.8.34330.188
MinimumVisualStudioVersion = 10.0.40219.1
Project("{2150E333-8FDC-42A3-9474-1A3956D46DE8}") = "Services", "Services", "{99764577-FC14-4812-96C7-0BD6EDC94B29}"
EndProject
Project("{2150E333-8FDC-42A3-9474-1A3956D46DE8}") = "Catalog", "Catalog", "{A1531BD3-086D-4A30-8CF1-298C44AEB536}"
EndProject
Project("{FAE04EC0-301F-11D3-BF4B-00C04F79EFBC}") = "MultishopEcommerce.Catalog", "Services\Catalog\MultishopEcommerce.Catalog\MultishopEcommerce.Catalog.csproj", "{C08686F3-D781-4C9C-A31C-C6BC9B4547D2}"
EndProject
Global
	GlobalSection(SolutionConfigurationPlatforms) = preSolution
		Debug|Any CPU = Debug|Any CPU
		Release|Any CPU = Release|Any CPU
	EndGlobalSection
	GlobalSection(ProjectConfigurationPlatforms) = postSolution
		{C08686F3-D781-4C9C-A31C-C6BC9B4547D2}.Debug|Any CPU.ActiveCfg = Debug|Any CPU
		{C08686F3-D781-4C9C-A31C-C6BC9B4547D2}.Debug|Any CPU.Build.0 = Debug|Any CPU
		{C08686F3-D781-4C9C-A31C-C6BC9B4547D2}.Release|Any CPU.ActiveCfg = Release|Any CPU
		{C08686F3-D781-4C9C-A31C-C6BC9B4547D2}.Release|Any CPU.Build.0 = Release|Any CPU
	EndGlobalSection
	GlobalSection(SolutionProperties) = preSolution
		HideSolutionNode = FALSE
	EndGlobalSection
	GlobalSection(NestedProjects) = preSolution
		{A1531BD3-086D-4A30-8CF1-298C44AEB536} = {99764577-FC14-4812-96C7-0BD6EDC94B29}
		{C08686F3-D781-4C9C-A31C-C6BC9B4547D2} = {A1531BD3-086D-4A30-8CF1-298C44AEB536}
	EndGlobalSection
	GlobalSection(ExtensibilityGlobals) = postSolution
		SolutionGuid = {8CF363DB-4506-4BEC-9E91-124DD924B165}
	EndGlobalSection
EndGlobal
